{
  "name": "audio-decode-wasm",
  "version": "0.0.0",
  "lockfileVersion": 1,
  "requires": true,
  "dependencies": {
    "audio-buffer": {
      "version": "4.0.2",
      "resolved": "https://registry.npmjs.org/audio-buffer/-/audio-buffer-4.0.2.tgz",
      "integrity": "sha1-Lar4yT1HZHQhjOeOmjxbx8hTR6w=",
      "requires": {
        "audio-context": "1.0.1"
      }
    },
    "audio-context": {
      "version": "1.0.1",
      "resolved": "https://registry.npmjs.org/audio-context/-/audio-context-1.0.1.tgz",
      "integrity": "sha1-zsTbis5u9KrL8Q7vCXekVxRo1Ks=",
      "requires": {
        "global": "4.3.2"
      }
    },
    "dom-walk": {
      "version": "0.1.1",
      "resolved": "https://registry.npmjs.org/dom-walk/-/dom-walk-0.1.1.tgz",
      "integrity": "sha1-ZyIm3HTI95mtNTB9+TaroRrNYBg="
    },
    "global": {
      "version": "4.3.2",
      "resolved": "https://registry.npmjs.org/global/-/global-4.3.2.tgz",
      "integrity": "sha1-52mJJopsdMOJCLEwWxD8DjlOnQ8=",
      "requires": {
        "min-document": "2.19.0",
        "process": "0.5.2"
      }
    },
    "min-document": {
      "version": "2.19.0",
      "resolved": "https://registry.npmjs.org/min-document/-/min-document-2.19.0.tgz",
      "integrity": "sha1-e9KC4/WELtKVu3SM3Z8f+iyCRoU=",
      "requires": {
        "dom-walk": "0.1.1"
      }
    },
    "process": {
      "version": "0.5.2",
      "resolved": "https://registry.npmjs.org/process/-/process-0.5.2.tgz",
      "integrity": "sha1-FjjYqONML0QKkduVq5rrZ3/Bhc8="
    },
    "rollup": {
      "version": "0.52.0",
      "resolved": "https://registry.npmjs.org/rollup/-/rollup-0.52.0.tgz",
      "integrity": "sha512-IQ+t5uoeMSHpDyeJj4uFVWj+ocS8sUbFPNKCssyCac3GVgLs62nFH6UdU0nGLRIxjasPaN7wGHEioVXbxXRaYQ==",
      "dev": true
    }
  }
}
